
Microsoft Visual Studio Solution File, Format Version 11.00
# Visual Studio 2010
# SharpDevelop 5.1
Project("{FAE04EC0-301F-11D3-BF4B-00C04F79EFBC}") = "AltoHttp", "AltoHttp\AltoHttp.csproj", "{02636085-659F-4F10-9D4F-84E9F3CA12BF}"
EndProject
Global
	GlobalSection(SolutionConfigurationPlatforms) = preSolution
		Debug|Any CPU = Debug|Any CPU
		Release|Any CPU = Release|Any CPU
	EndGlobalSection
	GlobalSection(ProjectConfigurationPlatforms) = postSolution
		{02636085-659F-4F10-9D4F-84E9F3CA12BF}.Debug|Any CPU.ActiveCfg = Debug|Any CPU
		{02636085-659F-4F10-9D4F-84E9F3CA12BF}.Debug|Any CPU.Build.0 = Debug|Any CPU
		{02636085-659F-4F10-9D4F-84E9F3CA12BF}.Release|Any CPU.ActiveCfg = Release|Any CPU
		{02636085-659F-4F10-9D4F-84E9F3CA12BF}.Release|Any CPU.Build.0 = Release|Any CPU
	EndGlobalSection
EndGlobal
