
Microsoft Visual Studio Solution File, Format Version 11.00
# Visual Studio 2010
# SharpDevelop 5.1
Project("{FAE04EC0-301F-11D3-BF4B-00C04F79EFBC}") = "AltoHttp", "AltoHttp\AltoHttp.csproj", "{A58E30EC-3D03-4873-B848-FA8E5877D2AA}"
EndProject
Global
	GlobalSection(SolutionConfigurationPlatforms) = preSolution
		Debug|Any CPU = Debug|Any CPU
		Release|Any CPU = Release|Any CPU
	EndGlobalSection
	GlobalSection(ProjectConfigurationPlatforms) = postSolution
		{A58E30EC-3D03-4873-B848-FA8E5877D2AA}.Debug|Any CPU.ActiveCfg = Debug|Any CPU
		{A58E30EC-3D03-4873-B848-FA8E5877D2AA}.Debug|Any CPU.Build.0 = Debug|Any CPU
		{A58E30EC-3D03-4873-B848-FA8E5877D2AA}.Release|Any CPU.ActiveCfg = Release|Any CPU
		{A58E30EC-3D03-4873-B848-FA8E5877D2AA}.Release|Any CPU.Build.0 = Release|Any CPU
	EndGlobalSection
EndGlobal
